schema: '2.0'
stages:
  data_prep: 
    cmd: python src/data_prep.py
    deps:
    - path: data/raw/telco_churn.csv
      hash: md5
      md5: 006527876bfe18c977d74eb4bc59443f
      size: 873370
    - path: src/data_prep.py
      hash: md5
      md5: f94898c343bb406cc92ab44396253410
      size: 551
    outs:
    - path: data/processed/telco_churn_processed.csv
      hash: md5
      md5: 006527876bfe18c977d74eb4bc59443f
      size: 873370
  train:
    cmd: conda run -n pycaret-env python src/train.py
    deps:
    - path: data/processed/telco_churn_processed.csv
      hash: md5
      md5: 006527876bfe18c977d74eb4bc59443f
      size: 873370
    - path: params.yaml
      hash: md5
      md5: 65561151a39589745f47d0762607a416
      size: 410
    - path: src/train.py
      hash: md5
      md5: 5c43093645d1b58d7f793260adbae751
      size: 1915
  evaluate:
    cmd: conda run -n pycaret-env python src/evaluate.py
    deps:
    - path: data/processed/telco_churn_processed.csv
      hash: md5
      md5: 006527876bfe18c977d74eb4bc59443f
      size: 873370
    - path: src/evaluate.py
      hash: md5
      md5: 8327551fe7afae73097d2d74bd64de6b
      size: 3001
  promote_model:
    cmd: conda run -n pycaret-env python src/promote_best_model.py
    deps:
    - path: src/promote_best_model.py
      hash: md5
      md5: 6789d4cfeeaf3b0981d739c3d0fd7800
      size: 3461
